// !$*UTF8*$!
{
	archiveVersion = 1;
	classes = {
	};
	objectVersion = 46;
	objects = {

/* Begin PBXBuildFile section */
		6CC73BB71D4DF2B000AE18AF /* main.cpp in Sources */ = {isa = PBXBuildFile; fileRef = 6CC73BB61D4DF2B000AE18AF /* main.cpp */; };
		6CC73BBF1D4DF52200AE18AF /* AllOf.cpp in Sources */ = {isa = PBXBuildFile; fileRef = 6CC73BBD1D4DF52200AE18AF /* AllOf.cpp */; };
		6CC73BC11D4DFC7D00AE18AF /* AnyOf.cpp in Sources */ = {isa = PBXBuildFile; fileRef = 6CC73BC01D4DFC7D00AE18AF /* AnyOf.cpp */; };
		6CC73BC31D4DFD7000AE18AF /* BinarySearch.cpp in Sources */ = {isa = PBXBuildFile; fileRef = 6CC73BC21D4DFD7000AE18AF /* BinarySearch.cpp */; };
/* End PBXBuildFile section */

/* Begin PBXCopyFilesBuildPhase section */
		6CC73BB11D4DF2B000AE18AF /* CopyFiles */ = {
			isa = PBXCopyFilesBuildPhase;
			buildActionMask = 2147483647;
			dstPath = /usr/share/man/man1/;
			dstSubfolderSpec = 0;
			files = (
			);
			runOnlyForDeploymentPostprocessing = 1;
		};
/* End PBXCopyFilesBuildPhase section */

/* Begin PBXFileReference section */
		6CC73BB31D4DF2B000AE18AF /* CppAlgorithms */ = {isa = PBXFileReference; explicitFileType = "compiled.mach-o.executable"; includeInIndex = 0; path = CppAlgorithms; sourceTree = BUILT_PRODUCTS_DIR; };
		6CC73BB61D4DF2B000AE18AF /* main.cpp */ = {isa = PBXFileReference; lastKnownFileType = sourcecode.cpp.cpp; path = main.cpp; sourceTree = "<group>"; };
		6CC73BBD1D4DF52200AE18AF /* AllOf.cpp */ = {isa = PBXFileReference; fileEncoding = 4; lastKnownFileType = sourcecode.cpp.cpp; path = AllOf.cpp; sourceTree = "<group>"; };
		6CC73BC01D4DFC7D00AE18AF /* AnyOf.cpp */ = {isa = PBXFileReference; fileEncoding = 4; lastKnownFileType = sourcecode.cpp.cpp; path = AnyOf.cpp; sourceTree = "<group>"; };
		6CC73BC21D4DFD7000AE18AF /* BinarySearch.cpp */ = {isa = PBXFileReference; fileEncoding = 4; lastKnownFileType = sourcecode.cpp.cpp; path = BinarySearch.cpp; sourceTree = "<group>"; };
/* End PBXFileReference section */

/* Begin PBXFrameworksBuildPhase section */
		6CC73BB01D4DF2B000AE18AF /* Frameworks */ = {
			isa = PBXFrameworksBuildPhase;
			buildActionMask = 2147483647;
			files = (
			);
			runOnlyForDeploymentPostprocessing = 0;
		};
/* End PBXFrameworksBuildPhase section */

/* Begin PBXGroup section */
		6CC73BAA1D4DF2B000AE18AF = {
			isa = PBXGroup;
			children = (
				6CC73BB51D4DF2B000AE18AF /* CppAlgorithms */,
				6CC73BB41D4DF2B000AE18AF /* Products */,
			);
			sourceTree = "<group>";
		};
		6CC73BB41D4DF2B000AE18AF /* Products */ = {
			isa = PBXGroup;
			children = (
				6CC73BB31D4DF2B000AE18AF /* CppAlgorithms */,
			);
			name = Products;
			sourceTree = "<group>";
		};
		6CC73BB51D4DF2B000AE18AF /* CppAlgorithms */ = {
			isa = PBXGroup;
			children = (
				6CC73BB61D4DF2B000AE18AF /* main.cpp */,
				6CC73BBD1D4DF52200AE18AF /* AllOf.cpp */,
				6CC73BC01D4DFC7D00AE18AF /* AnyOf.cpp */,
				6CC73BC21D4DFD7000AE18AF /* BinarySearch.cpp */,
			);
			path = CppAlgorithms;
			sourceTree = "<group>";
		};
/* End PBXGroup section */

/* Begin PBXNativeTarget section */
		6CC73BB21D4DF2B000AE18AF /* CppAlgorithms */ = {
			isa = PBXNativeTarget;
			buildConfigurationList = 6CC73BBA1D4DF2B000AE18AF /* Build configuration list for PBXNativeTarget "CppAlgorithms" */;
			buildPhases = (
				6CC73BAF1D4DF2B000AE18AF /* Sources */,
				6CC73BB01D4DF2B000AE18AF /* Frameworks */,
				6CC73BB11D4DF2B000AE18AF /* CopyFiles */,
			);
			buildRules = (
			);
			dependencies = (
			);
			name = CppAlgorithms;
			productName = CppAlgorithms;
			productReference = 6CC73BB31D4DF2B000AE18AF /* CppAlgorithms */;
			productType = "com.apple.product-type.tool";
		};
/* End PBXNativeTarget section */

/* Begin PBXProject section */
		6CC73BAB1D4DF2B000AE18AF /* Project object */ = {
			isa = PBXProject;
			attributes = {
				LastUpgradeCheck = 0720;
				ORGANIZATIONNAME = Skident;
				TargetAttributes = {
					6CC73BB21D4DF2B000AE18AF = {
						CreatedOnToolsVersion = 7.2.1;
					};
				};
			};
			buildConfigurationList = 6CC73BAE1D4DF2B000AE18AF /* Build configuration list for PBXProject "CppAlgorithms" */;
			compatibilityVersion = "Xcode 3.2";
			developmentRegion = English;
			hasScannedForEncodings = 0;
			knownRegions = (
				en,
			);
			mainGroup = 6CC73BAA1D4DF2B000AE18AF;
			productRefGroup = 6CC73BB41D4DF2B000AE18AF /* Products */;
			projectDirPath = "";
			projectRoot = "";
			targets = (
				6CC73BB21D4DF2B000AE18AF /* CppAlgorithms */,
			);
		};
/* End PBXProject section */

/* Begin PBXSourcesBuildPhase section */
		6CC73BAF1D4DF2B000AE18AF /* Sources */ = {
			isa = PBXSourcesBuildPhase;
			buildActionMask = 2147483647;
			files = (
				6CC73BC31D4DFD7000AE18AF /* BinarySearch.cpp in Sources */,
				6CC73BC11D4DFC7D00AE18AF /* AnyOf.cpp in Sources */,
				6CC73BBF1D4DF52200AE18AF /* AllOf.cpp in Sources */,
				6CC73BB71D4DF2B000AE18AF /* main.cpp in Sources */,
			);
			runOnlyForDeploymentPostprocessing = 0;
		};
/* End PBXSourcesBuildPhase section */

/* Begin XCBuildConfiguration section */
		6CC73BB81D4DF2B000AE18AF /* Debug */ = {
			isa = XCBuildConfiguration;
			buildSettings = {
				ALWAYS_SEARCH_USER_PATHS = NO;
				CLANG_CXX_LANGUAGE_STANDARD = "gnu++0x";
				CLANG_CXX_LIBRARY = "libc++";
				CLANG_ENABLE_MODULES = YES;
				CLANG_ENABLE_OBJC_ARC = YES;
				CLANG_WARN_BOOL_CONVERSION = YES;
				CLANG_WARN_CONSTANT_CONVERSION = YES;
				CLANG_WARN_DIRECT_OBJC_ISA_USAGE = YES_ERROR;
				CLANG_WARN_EMPTY_BODY = YES;
				CLANG_WARN_ENUM_CONVERSION = YES;
				CLANG_WARN_INT_CONVERSION = YES;
				CLANG_WARN_OBJC_ROOT_CLASS = YES_ERROR;
				CLANG_WARN_UNREACHABLE_CODE = YES;
				CLANG_WARN__DUPLICATE_METHOD_MATCH = YES;
				CODE_SIGN_IDENTITY = "-";
				COPY_PHASE_STRIP = NO;
				DEBUG_INFORMATION_FORMAT = dwarf;
				ENABLE_STRICT_OBJC_MSGSEND = YES;
				ENABLE_TESTABILITY = YES;
				GCC_C_LANGUAGE_STANDARD = gnu99;
				GCC_DYNAMIC_NO_PIC = NO;
				GCC_NO_COMMON_BLOCKS = YES;
				GCC_OPTIMIZATION_LEVEL = 0;
				GCC_PREPROCESSOR_DEFINITIONS = (
					"DEBUG=1",
					"$(inherited)",
				);
				GCC_WARN_64_TO_32_BIT_CONVERSION = YES;
				GCC_WARN_ABOUT_RETURN_TYPE = YES_ERROR;
				GCC_WARN_UNDECLARED_SELECTOR = YES;
				GCC_WARN_UNINITIALIZED_AUTOS = YES_AGGRESSIVE;
				GCC_WARN_UNUSED_FUNCTION = YES;
				GCC_WARN_UNUSED_VARIABLE = YES;
				MACOSX_DEPLOYMENT_TARGET = 10.11;
				MTL_ENABLE_DEBUG_INFO = YES;
				ONLY_ACTIVE_ARCH = YES;
				SDKROOT = macosx;
			};
			name = Debug;
		};
		6CC73BB91D4DF2B000AE18AF /* Release */ = {
			isa = XCBuildConfiguration;
			buildSettings = {
				ALWAYS_SEARCH_USER_PATHS = NO;
				CLANG_CXX_LANGUAGE_STANDARD = "gnu++0x";
				CLANG_CXX_LIBRARY = "libc++";
				CLANG_ENABLE_MODULES = YES;
				CLANG_ENABLE_OBJC_ARC = YES;
				CLANG_WARN_BOOL_CONVERSION = YES;
				CLANG_WARN_CONSTANT_CONVERSION = YES;
				CLANG_WARN_DIRECT_OBJC_ISA_USAGE = YES_ERROR;
				CLANG_WARN_EMPTY_BODY = YES;
				CLANG_WARN_ENUM_CONVERSION = YES;
				CLANG_WARN_INT_CONVERSION = YES;
				CLANG_WARN_OBJC_ROOT_CLASS = YES_ERROR;
				CLANG_WARN_UNREACHABLE_CODE = YES;
				CLANG_WARN__DUPLICATE_METHOD_MATCH = YES;
				CODE_SIGN_IDENTITY = "-";
				COPY_PHASE_STRIP = NO;
				DEBUG_INFORMATION_FORMAT = "dwarf-with-dsym";
				ENABLE_NS_ASSERTIONS = NO;
				ENABLE_STRICT_OBJC_MSGSEND = YES;
				GCC_C_LANGUAGE_STANDARD = gnu99;
				GCC_NO_COMMON_BLOCKS = YES;
				GCC_WARN_64_TO_32_BIT_CONVERSION = YES;
				GCC_WARN_ABOUT_RETURN_TYPE = YES_ERROR;
				GCC_WARN_UNDECLARED_SELECTOR = YES;
				GCC_WARN_UNINITIALIZED_AUTOS = YES_AGGRESSIVE;
				GCC_WARN_UNUSED_FUNCTION = YES;
				GCC_WARN_UNUSED_VARIABLE = YES;
				MACOSX_DEPLOYMENT_TARGET = 10.11;
				MTL_ENABLE_DEBUG_INFO = NO;
				SDKROOT = macosx;
			};
			name = Release;
		};
		6CC73BBB1D4DF2B000AE18AF /* Debug */ = {
			isa = XCBuildConfiguration;
			buildSettings = {
				PRODUCT_NAME = "$(TARGET_NAME)";
			};
			name = Debug;
		};
		6CC73BBC1D4DF2B000AE18AF /* Release */ = {
			isa = XCBuildConfiguration;
			buildSettings = {
				PRODUCT_NAME = "$(TARGET_NAME)";
			};
			name = Release;
		};
/* End XCBuildConfiguration section */

/* Begin XCConfigurationList section */
		6CC73BAE1D4DF2B000AE18AF /* Build configuration list for PBXProject "CppAlgorithms" */ = {
			isa = XCConfigurationList;
			buildConfigurations = (
				6CC73BB81D4DF2B000AE18AF /* Debug */,
				6CC73BB91D4DF2B000AE18AF /* Release */,
			);
			defaultConfigurationIsVisible = 0;
			defaultConfigurationName = Release;
		};
		6CC73BBA1D4DF2B000AE18AF /* Build configuration list for PBXNativeTarget "CppAlgorithms" */ = {
			isa = XCConfigurationList;
			buildConfigurations = (
				6CC73BBB1D4DF2B000AE18AF /* Debug */,
				6CC73BBC1D4DF2B000AE18AF /* Release */,
			);
			defaultConfigurationIsVisible = 0;
			defaultConfigurationName = Release;
		};
/* End XCConfigurationList section */
	};
	rootObject = 6CC73BAB1D4DF2B000AE18AF /* Project object */;
}
